
Microsoft Visual Studio Solution File, Format Version 12.00
# Visual Studio Version 17
VisualStudioVersion = 17.1.31903.286
MinimumVisualStudioVersion = 10.0.40219.1
Project("{FAE04EC0-301F-11D3-BF4B-00C04F79EFBC}") = "MoveElementRealtime", "MoveElementRealtime\MoveElementRealtime.csproj", "{B903DCE1-DF5F-4D44-8987-FC58E0E54830}"
EndProject
Global
	GlobalSection(SolutionConfigurationPlatforms) = preSolution
		Debug|Any CPU = Debug|Any CPU
		Release|Any CPU = Release|Any CPU
	EndGlobalSection
	GlobalSection(ProjectConfigurationPlatforms) = postSolution
		{B903DCE1-DF5F-4D44-8987-FC58E0E54830}.Debug|Any CPU.ActiveCfg = Debug|Any CPU
		{B903DCE1-DF5F-4D44-8987-FC58E0E54830}.Debug|Any CPU.Build.0 = Debug|Any CPU
		{B903DCE1-DF5F-4D44-8987-FC58E0E54830}.Release|Any CPU.ActiveCfg = Release|Any CPU
		{B903DCE1-DF5F-4D44-8987-FC58E0E54830}.Release|Any CPU.Build.0 = Release|Any CPU
	EndGlobalSection
	GlobalSection(SolutionProperties) = preSolution
		HideSolutionNode = FALSE
	EndGlobalSection
	GlobalSection(ExtensibilityGlobals) = postSolution
		SolutionGuid = {05A04E50-6FEC-4637-B463-C72FF42EC9DE}
	EndGlobalSection
EndGlobal
